
Microsoft Visual Studio Solution File, Format Version 12.00
# Visual Studio Version 17
VisualStudioVersion = 17.3.32929.385
MinimumVisualStudioVersion = 10.0.40219.1
Project("{2150E333-8FDC-42A3-9474-1A3956D46DE8}") = "src", "src", "{AF77AF8F-E0C3-4D05-9D49-6989F522C59E}"
EndProject
Project("{2150E333-8FDC-42A3-9474-1A3956D46DE8}") = "test", "test", "{7107956E-BC05-4060-8D9C-563805110605}"
EndProject
Project("{2150E333-8FDC-42A3-9474-1A3956D46DE8}") = "Services", "Services", "{E9376157-31F1-4C37-8D19-6841506FBBC5}"
EndProject
Project("{2150E333-8FDC-42A3-9474-1A3956D46DE8}") = "buildingblocks", "buildingblocks", "{E667C85C-80E1-4045-88A8-3BC69F2253AE}"
EndProject
Project("{2150E333-8FDC-42A3-9474-1A3956D46DE8}") = "Ordering", "Ordering", "{835597DE-A82C-42FA-93DC-09CAC36D7D4B}"
EndProject
Project("{2150E333-8FDC-42A3-9474-1A3956D46DE8}") = "Catalog", "Catalog", "{A6099394-2440-4B3C-83E2-4D95E3C3652A}"
EndProject
Project("{2150E333-8FDC-42A3-9474-1A3956D46DE8}") = "Basket", "Basket", "{AE496456-9B24-4591-8F24-92C5868455F7}"
EndProject
Project("{9A19103F-16F7-4668-BE54-9A1E7A4F7556}") = "MicroStore.Catalog.Domain", "MicroStore.Catalog.Domain\MicroStore.Catalog.Domain.csproj", "{9F8DDB69-D2B0-490D-B65C-2F72AD0A8E72}"
EndProject
Project("{9A19103F-16F7-4668-BE54-9A1E7A4F7556}") = "MicroStore.BuildingBlocks.Results", "MicroStore.BuildingBlocks.Results\MicroStore.BuildingBlocks.Results.csproj", "{0F13B42D-5483-4210-88D6-929B01712F96}"
EndProject
Project("{9A19103F-16F7-4668-BE54-9A1E7A4F7556}") = "MicroStore.BuildingBlocks.InMemoryBus", "MicroStore.BuildingBlocks.InMemoryBus\MicroStore.BuildingBlocks.InMemoryBus.csproj", "{993C7C07-BF1B-4E19-B7CF-EC6F0BA49375}"
EndProject
Project("{9A19103F-16F7-4668-BE54-9A1E7A4F7556}") = "MicroStore.BuildingBlocks.Mediator", "MicroStore.BuildingBlocks.Mediator\MicroStore.BuildingBlocks.Mediator.csproj", "{A4D0A453-2A90-4546-AB65-15FDD7F282D4}"
EndProject
Project("{9A19103F-16F7-4668-BE54-9A1E7A4F7556}") = "MicroStore.Catalog.Application", "MicroStore.Catalog.Application\MicroStore.Catalog.Application.csproj", "{9F319B3B-7D27-4F9A-B2A6-77B1C64053D3}"
EndProject
Project("{9A19103F-16F7-4668-BE54-9A1E7A4F7556}") = "MicroStore.Catalog.Application.Abstractions", "MicroStore.Catalog.Application.Abstractions\MicroStore.Catalog.Application.Abstractions.csproj", "{0C7B43F8-0A8C-4663-9646-49C5F1488109}"
EndProject
Project("{9A19103F-16F7-4668-BE54-9A1E7A4F7556}") = "MicroStore.Catalog.IntegrationEvents", "MicroStore.Catalog.IntegrationEvents\MicroStore.Catalog.IntegrationEvents.csproj", "{EDF83FA4-2AD9-4075-9025-BD26696DFED3}"
EndProject
Project("{9A19103F-16F7-4668-BE54-9A1E7A4F7556}") = "MicroStore.Catalog.Infrastructure", "MicroStore.Catalog.Infrastructure\MicroStore.Catalog.Infrastructure.csproj", "{B00EF95A-845C-4797-8434-5ACA8FE3812D}"
EndProject
Project("{9A19103F-16F7-4668-BE54-9A1E7A4F7556}") = "MicroStore.Catalog.Api", "MicroStore.Catalog.Api\MicroStore.Catalog.Api.csproj", "{2EF24FB8-0673-426E-BC08-05CDDB9E77E4}"
EndProject
Project("{2150E333-8FDC-42A3-9474-1A3956D46DE8}") = "Catalog", "Catalog", "{F55B89D5-EE0F-4893-8A7F-549260F7A36F}"
EndProject
Project("{9A19103F-16F7-4668-BE54-9A1E7A4F7556}") = "MicroStore.TestBase", "MicroStore.TestBase\MicroStore.TestBase.csproj", "{04E9463B-B9C8-46F2-A3C9-764E576BEDF6}"
EndProject
Project("{9A19103F-16F7-4668-BE54-9A1E7A4F7556}") = "MicroStore.Catalog.Domain.Tests", "MicroStore.Catalog.Domain.Tests\MicroStore.Catalog.Domain.Tests.csproj", "{0EE7A107-341D-40C2-BC5D-2F2F9EA32CA5}"
EndProject
Project("{9A19103F-16F7-4668-BE54-9A1E7A4F7556}") = "MicroStore.Catalog.Application.Tests", "MicroStore.Catalog.Application.Tests\MicroStore.Catalog.Application.Tests.csproj", "{96A77114-0091-4E6B-A60C-7984CD6EA3DF}"
EndProject
Project("{9A19103F-16F7-4668-BE54-9A1E7A4F7556}") = "MicroStore.ShoppingCart.Domain", "MicroStore.ShoppingCart.Domain\MicroStore.ShoppingCart.Domain.csproj", "{897D0602-5B08-4BF2-8E79-331AA383E685}"
EndProject
Project("{9A19103F-16F7-4668-BE54-9A1E7A4F7556}") = "MicroStore.ShoppingCart.Application", "MicroStore.ShoppingCart.Application\MicroStore.ShoppingCart.Application.csproj", "{1DED6B20-A5D6-407B-AA44-8405D65929A5}"
EndProject
Project("{9A19103F-16F7-4668-BE54-9A1E7A4F7556}") = "MicroStore.ShoppingCart.Application.Abstraction", "MicroStore.ShoppingCart.Application.Abstraction\MicroStore.ShoppingCart.Application.Abstraction.csproj", "{829B7F55-14E3-4D93-9BFD-70ED9400DF94}"
EndProject
Project("{9A19103F-16F7-4668-BE54-9A1E7A4F7556}") = "MicroStore.BuildingBlocks.Security", "MicroStore.BuildingBlocks.Security\MicroStore.BuildingBlocks.Security.csproj", "{3CB0DCEA-39E0-45CA-AE63-B156ABF14173}"
EndProject
Project("{9A19103F-16F7-4668-BE54-9A1E7A4F7556}") = "MicroStore.Ordering.IntegrationEvents", "MicroStore.Ordering.IntegrationEvents\MicroStore.Ordering.IntegrationEvents.csproj", "{1AE892A5-F10E-49BE-9160-809BA2BC1DE7}"
EndProject
Project("{9A19103F-16F7-4668-BE54-9A1E7A4F7556}") = "MicroStore.ShoppingCart.Infrastructure", "MicroStore.ShoppingCart.Infrastructure\MicroStore.ShoppingCart.Infrastructure.csproj", "{414B28B1-15E1-4D60-9950-4AE4EB1DC8A7}"
EndProject
Project("{9A19103F-16F7-4668-BE54-9A1E7A4F7556}") = "MicroStore.ShoppingCart.Api", "MicroStore.ShoppingCart.Api\MicroStore.ShoppingCart.Api.csproj", "{ABE9A0E7-0AA4-4B53-8B55-90635A80EBE6}"
EndProject
Project("{2150E333-8FDC-42A3-9474-1A3956D46DE8}") = "Basket", "Basket", "{E179FD5D-1B5F-4868-9A24-134D53C93E34}"
EndProject
Project("{FAE04EC0-301F-11D3-BF4B-00C04F79EFBC}") = "MicroStore.ShoppingCart.Domain.Tests", "MicroStore.ShoppingCart.Domain.Tests\MicroStore.ShoppingCart.Domain.Tests.csproj", "{CD837265-3929-408A-9E70-96EB62AD258B}"
EndProject
Project("{FAE04EC0-301F-11D3-BF4B-00C04F79EFBC}") = "MicroStore.ShoppingCart.Application.Tests", "MicroStore.ShoppingCart.Application.Tests\MicroStore.ShoppingCart.Application.Tests.csproj", "{9CA0C08C-BB1C-4EC7-A875-B3431E96EE95}"
EndProject
Project("{FAE04EC0-301F-11D3-BF4B-00C04F79EFBC}") = "MicroStore.Ordering.Application", "MicroStore.Ordering.Application\MicroStore.Ordering.Application.csproj", "{B877C33D-16C3-4758-9D37-5875671091CD}"
EndProject
Project("{FAE04EC0-301F-11D3-BF4B-00C04F79EFBC}") = "MicroStore.Ordering.Events", "MicroStore.Ordering.Events\MicroStore.Ordering.Events.csproj", "{7BF9FBF4-06A7-4022-843D-C59DFA48A622}"
EndProject
Global
	GlobalSection(SolutionConfigurationPlatforms) = preSolution
		Debug|Any CPU = Debug|Any CPU
		Release|Any CPU = Release|Any CPU
	EndGlobalSection
	GlobalSection(ProjectConfigurationPlatforms) = postSolution
		{9F8DDB69-D2B0-490D-B65C-2F72AD0A8E72}.Debug|Any CPU.ActiveCfg = Debug|Any CPU
		{9F8DDB69-D2B0-490D-B65C-2F72AD0A8E72}.Debug|Any CPU.Build.0 = Debug|Any CPU
		{9F8DDB69-D2B0-490D-B65C-2F72AD0A8E72}.Release|Any CPU.ActiveCfg = Release|Any CPU
		{9F8DDB69-D2B0-490D-B65C-2F72AD0A8E72}.Release|Any CPU.Build.0 = Release|Any CPU
		{0F13B42D-5483-4210-88D6-929B01712F96}.Debug|Any CPU.ActiveCfg = Debug|Any CPU
		{0F13B42D-5483-4210-88D6-929B01712F96}.Debug|Any CPU.Build.0 = Debug|Any CPU
		{0F13B42D-5483-4210-88D6-929B01712F96}.Release|Any CPU.ActiveCfg = Release|Any CPU
		{0F13B42D-5483-4210-88D6-929B01712F96}.Release|Any CPU.Build.0 = Release|Any CPU
		{993C7C07-BF1B-4E19-B7CF-EC6F0BA49375}.Debug|Any CPU.ActiveCfg = Debug|Any CPU
		{993C7C07-BF1B-4E19-B7CF-EC6F0BA49375}.Debug|Any CPU.Build.0 = Debug|Any CPU
		{993C7C07-BF1B-4E19-B7CF-EC6F0BA49375}.Release|Any CPU.ActiveCfg = Release|Any CPU
		{993C7C07-BF1B-4E19-B7CF-EC6F0BA49375}.Release|Any CPU.Build.0 = Release|Any CPU
		{A4D0A453-2A90-4546-AB65-15FDD7F282D4}.Debug|Any CPU.ActiveCfg = Debug|Any CPU
		{A4D0A453-2A90-4546-AB65-15FDD7F282D4}.Debug|Any CPU.Build.0 = Debug|Any CPU
		{A4D0A453-2A90-4546-AB65-15FDD7F282D4}.Release|Any CPU.ActiveCfg = Release|Any CPU
		{A4D0A453-2A90-4546-AB65-15FDD7F282D4}.Release|Any CPU.Build.0 = Release|Any CPU
		{9F319B3B-7D27-4F9A-B2A6-77B1C64053D3}.Debug|Any CPU.ActiveCfg = Debug|Any CPU
		{9F319B3B-7D27-4F9A-B2A6-77B1C64053D3}.Debug|Any CPU.Build.0 = Debug|Any CPU
		{9F319B3B-7D27-4F9A-B2A6-77B1C64053D3}.Release|Any CPU.ActiveCfg = Release|Any CPU
		{9F319B3B-7D27-4F9A-B2A6-77B1C64053D3}.Release|Any CPU.Build.0 = Release|Any CPU
		{0C7B43F8-0A8C-4663-9646-49C5F1488109}.Debug|Any CPU.ActiveCfg = Debug|Any CPU
		{0C7B43F8-0A8C-4663-9646-49C5F1488109}.Debug|Any CPU.Build.0 = Debug|Any CPU
		{0C7B43F8-0A8C-4663-9646-49C5F1488109}.Release|Any CPU.ActiveCfg = Release|Any CPU
		{0C7B43F8-0A8C-4663-9646-49C5F1488109}.Release|Any CPU.Build.0 = Release|Any CPU
		{EDF83FA4-2AD9-4075-9025-BD26696DFED3}.Debug|Any CPU.ActiveCfg = Debug|Any CPU
		{EDF83FA4-2AD9-4075-9025-BD26696DFED3}.Debug|Any CPU.Build.0 = Debug|Any CPU
		{EDF83FA4-2AD9-4075-9025-BD26696DFED3}.Release|Any CPU.ActiveCfg = Release|Any CPU
		{EDF83FA4-2AD9-4075-9025-BD26696DFED3}.Release|Any CPU.Build.0 = Release|Any CPU
		{B00EF95A-845C-4797-8434-5ACA8FE3812D}.Debug|Any CPU.ActiveCfg = Debug|Any CPU
		{B00EF95A-845C-4797-8434-5ACA8FE3812D}.Debug|Any CPU.Build.0 = Debug|Any CPU
		{B00EF95A-845C-4797-8434-5ACA8FE3812D}.Release|Any CPU.ActiveCfg = Release|Any CPU
		{B00EF95A-845C-4797-8434-5ACA8FE3812D}.Release|Any CPU.Build.0 = Release|Any CPU
		{2EF24FB8-0673-426E-BC08-05CDDB9E77E4}.Debug|Any CPU.ActiveCfg = Debug|Any CPU
		{2EF24FB8-0673-426E-BC08-05CDDB9E77E4}.Debug|Any CPU.Build.0 = Debug|Any CPU
		{2EF24FB8-0673-426E-BC08-05CDDB9E77E4}.Release|Any CPU.ActiveCfg = Release|Any CPU
		{2EF24FB8-0673-426E-BC08-05CDDB9E77E4}.Release|Any CPU.Build.0 = Release|Any CPU
		{04E9463B-B9C8-46F2-A3C9-764E576BEDF6}.Debug|Any CPU.ActiveCfg = Debug|Any CPU
		{04E9463B-B9C8-46F2-A3C9-764E576BEDF6}.Debug|Any CPU.Build.0 = Debug|Any CPU
		{04E9463B-B9C8-46F2-A3C9-764E576BEDF6}.Release|Any CPU.ActiveCfg = Release|Any CPU
		{04E9463B-B9C8-46F2-A3C9-764E576BEDF6}.Release|Any CPU.Build.0 = Release|Any CPU
		{0EE7A107-341D-40C2-BC5D-2F2F9EA32CA5}.Debug|Any CPU.ActiveCfg = Debug|Any CPU
		{0EE7A107-341D-40C2-BC5D-2F2F9EA32CA5}.Debug|Any CPU.Build.0 = Debug|Any CPU
		{0EE7A107-341D-40C2-BC5D-2F2F9EA32CA5}.Release|Any CPU.ActiveCfg = Release|Any CPU
		{0EE7A107-341D-40C2-BC5D-2F2F9EA32CA5}.Release|Any CPU.Build.0 = Release|Any CPU
		{96A77114-0091-4E6B-A60C-7984CD6EA3DF}.Debug|Any CPU.ActiveCfg = Debug|Any CPU
		{96A77114-0091-4E6B-A60C-7984CD6EA3DF}.Debug|Any CPU.Build.0 = Debug|Any CPU
		{96A77114-0091-4E6B-A60C-7984CD6EA3DF}.Release|Any CPU.ActiveCfg = Release|Any CPU
		{96A77114-0091-4E6B-A60C-7984CD6EA3DF}.Release|Any CPU.Build.0 = Release|Any CPU
		{897D0602-5B08-4BF2-8E79-331AA383E685}.Debug|Any CPU.ActiveCfg = Debug|Any CPU
		{897D0602-5B08-4BF2-8E79-331AA383E685}.Debug|Any CPU.Build.0 = Debug|Any CPU
		{897D0602-5B08-4BF2-8E79-331AA383E685}.Release|Any CPU.ActiveCfg = Release|Any CPU
		{897D0602-5B08-4BF2-8E79-331AA383E685}.Release|Any CPU.Build.0 = Release|Any CPU
		{1DED6B20-A5D6-407B-AA44-8405D65929A5}.Debug|Any CPU.ActiveCfg = Debug|Any CPU
		{1DED6B20-A5D6-407B-AA44-8405D65929A5}.Debug|Any CPU.Build.0 = Debug|Any CPU
		{1DED6B20-A5D6-407B-AA44-8405D65929A5}.Release|Any CPU.ActiveCfg = Release|Any CPU
		{1DED6B20-A5D6-407B-AA44-8405D65929A5}.Release|Any CPU.Build.0 = Release|Any CPU
		{829B7F55-14E3-4D93-9BFD-70ED9400DF94}.Debug|Any CPU.ActiveCfg = Debug|Any CPU
		{829B7F55-14E3-4D93-9BFD-70ED9400DF94}.Debug|Any CPU.Build.0 = Debug|Any CPU
		{829B7F55-14E3-4D93-9BFD-70ED9400DF94}.Release|Any CPU.ActiveCfg = Release|Any CPU
		{829B7F55-14E3-4D93-9BFD-70ED9400DF94}.Release|Any CPU.Build.0 = Release|Any CPU
		{3CB0DCEA-39E0-45CA-AE63-B156ABF14173}.Debug|Any CPU.ActiveCfg = Debug|Any CPU
		{3CB0DCEA-39E0-45CA-AE63-B156ABF14173}.Debug|Any CPU.Build.0 = Debug|Any CPU
		{3CB0DCEA-39E0-45CA-AE63-B156ABF14173}.Release|Any CPU.ActiveCfg = Release|Any CPU
		{3CB0DCEA-39E0-45CA-AE63-B156ABF14173}.Release|Any CPU.Build.0 = Release|Any CPU
		{1AE892A5-F10E-49BE-9160-809BA2BC1DE7}.Debug|Any CPU.ActiveCfg = Debug|Any CPU
		{1AE892A5-F10E-49BE-9160-809BA2BC1DE7}.Debug|Any CPU.Build.0 = Debug|Any CPU
		{1AE892A5-F10E-49BE-9160-809BA2BC1DE7}.Release|Any CPU.ActiveCfg = Release|Any CPU
		{1AE892A5-F10E-49BE-9160-809BA2BC1DE7}.Release|Any CPU.Build.0 = Release|Any CPU
		{414B28B1-15E1-4D60-9950-4AE4EB1DC8A7}.Debug|Any CPU.ActiveCfg = Debug|Any CPU
		{414B28B1-15E1-4D60-9950-4AE4EB1DC8A7}.Debug|Any CPU.Build.0 = Debug|Any CPU
		{414B28B1-15E1-4D60-9950-4AE4EB1DC8A7}.Release|Any CPU.ActiveCfg = Release|Any CPU
		{414B28B1-15E1-4D60-9950-4AE4EB1DC8A7}.Release|Any CPU.Build.0 = Release|Any CPU
		{ABE9A0E7-0AA4-4B53-8B55-90635A80EBE6}.Debug|Any CPU.ActiveCfg = Debug|Any CPU
		{ABE9A0E7-0AA4-4B53-8B55-90635A80EBE6}.Debug|Any CPU.Build.0 = Debug|Any CPU
		{ABE9A0E7-0AA4-4B53-8B55-90635A80EBE6}.Release|Any CPU.ActiveCfg = Release|Any CPU
		{ABE9A0E7-0AA4-4B53-8B55-90635A80EBE6}.Release|Any CPU.Build.0 = Release|Any CPU
		{CD837265-3929-408A-9E70-96EB62AD258B}.Debug|Any CPU.ActiveCfg = Debug|Any CPU
		{CD837265-3929-408A-9E70-96EB62AD258B}.Debug|Any CPU.Build.0 = Debug|Any CPU
		{CD837265-3929-408A-9E70-96EB62AD258B}.Release|Any CPU.ActiveCfg = Release|Any CPU
		{CD837265-3929-408A-9E70-96EB62AD258B}.Release|Any CPU.Build.0 = Release|Any CPU
		{9CA0C08C-BB1C-4EC7-A875-B3431E96EE95}.Debug|Any CPU.ActiveCfg = Debug|Any CPU
		{9CA0C08C-BB1C-4EC7-A875-B3431E96EE95}.Debug|Any CPU.Build.0 = Debug|Any CPU
		{9CA0C08C-BB1C-4EC7-A875-B3431E96EE95}.Release|Any CPU.ActiveCfg = Release|Any CPU
		{9CA0C08C-BB1C-4EC7-A875-B3431E96EE95}.Release|Any CPU.Build.0 = Release|Any CPU
		{B877C33D-16C3-4758-9D37-5875671091CD}.Debug|Any CPU.ActiveCfg = Debug|Any CPU
		{B877C33D-16C3-4758-9D37-5875671091CD}.Debug|Any CPU.Build.0 = Debug|Any CPU
		{B877C33D-16C3-4758-9D37-5875671091CD}.Release|Any CPU.ActiveCfg = Release|Any CPU
		{B877C33D-16C3-4758-9D37-5875671091CD}.Release|Any CPU.Build.0 = Release|Any CPU
		{7BF9FBF4-06A7-4022-843D-C59DFA48A622}.Debug|Any CPU.ActiveCfg = Debug|Any CPU
		{7BF9FBF4-06A7-4022-843D-C59DFA48A622}.Debug|Any CPU.Build.0 = Debug|Any CPU
		{7BF9FBF4-06A7-4022-843D-C59DFA48A622}.Release|Any CPU.ActiveCfg = Release|Any CPU
		{7BF9FBF4-06A7-4022-843D-C59DFA48A622}.Release|Any CPU.Build.0 = Release|Any CPU
	EndGlobalSection
	GlobalSection(SolutionProperties) = preSolution
		HideSolutionNode = FALSE
	EndGlobalSection
	GlobalSection(NestedProjects) = preSolution
		{E9376157-31F1-4C37-8D19-6841506FBBC5} = {AF77AF8F-E0C3-4D05-9D49-6989F522C59E}
		{E667C85C-80E1-4045-88A8-3BC69F2253AE} = {AF77AF8F-E0C3-4D05-9D49-6989F522C59E}
		{835597DE-A82C-42FA-93DC-09CAC36D7D4B} = {E9376157-31F1-4C37-8D19-6841506FBBC5}
		{A6099394-2440-4B3C-83E2-4D95E3C3652A} = {E9376157-31F1-4C37-8D19-6841506FBBC5}
		{AE496456-9B24-4591-8F24-92C5868455F7} = {E9376157-31F1-4C37-8D19-6841506FBBC5}
		{9F8DDB69-D2B0-490D-B65C-2F72AD0A8E72} = {A6099394-2440-4B3C-83E2-4D95E3C3652A}
		{0F13B42D-5483-4210-88D6-929B01712F96} = {E667C85C-80E1-4045-88A8-3BC69F2253AE}
		{993C7C07-BF1B-4E19-B7CF-EC6F0BA49375} = {E667C85C-80E1-4045-88A8-3BC69F2253AE}
		{A4D0A453-2A90-4546-AB65-15FDD7F282D4} = {E667C85C-80E1-4045-88A8-3BC69F2253AE}
		{9F319B3B-7D27-4F9A-B2A6-77B1C64053D3} = {A6099394-2440-4B3C-83E2-4D95E3C3652A}
		{0C7B43F8-0A8C-4663-9646-49C5F1488109} = {A6099394-2440-4B3C-83E2-4D95E3C3652A}
		{EDF83FA4-2AD9-4075-9025-BD26696DFED3} = {A6099394-2440-4B3C-83E2-4D95E3C3652A}
		{B00EF95A-845C-4797-8434-5ACA8FE3812D} = {A6099394-2440-4B3C-83E2-4D95E3C3652A}
		{2EF24FB8-0673-426E-BC08-05CDDB9E77E4} = {A6099394-2440-4B3C-83E2-4D95E3C3652A}
		{F55B89D5-EE0F-4893-8A7F-549260F7A36F} = {7107956E-BC05-4060-8D9C-563805110605}
		{04E9463B-B9C8-46F2-A3C9-764E576BEDF6} = {7107956E-BC05-4060-8D9C-563805110605}
		{0EE7A107-341D-40C2-BC5D-2F2F9EA32CA5} = {F55B89D5-EE0F-4893-8A7F-549260F7A36F}
		{96A77114-0091-4E6B-A60C-7984CD6EA3DF} = {F55B89D5-EE0F-4893-8A7F-549260F7A36F}
		{897D0602-5B08-4BF2-8E79-331AA383E685} = {AE496456-9B24-4591-8F24-92C5868455F7}
		{1DED6B20-A5D6-407B-AA44-8405D65929A5} = {AE496456-9B24-4591-8F24-92C5868455F7}
		{829B7F55-14E3-4D93-9BFD-70ED9400DF94} = {AE496456-9B24-4591-8F24-92C5868455F7}
		{3CB0DCEA-39E0-45CA-AE63-B156ABF14173} = {E667C85C-80E1-4045-88A8-3BC69F2253AE}
		{1AE892A5-F10E-49BE-9160-809BA2BC1DE7} = {835597DE-A82C-42FA-93DC-09CAC36D7D4B}
		{414B28B1-15E1-4D60-9950-4AE4EB1DC8A7} = {AE496456-9B24-4591-8F24-92C5868455F7}
		{ABE9A0E7-0AA4-4B53-8B55-90635A80EBE6} = {AE496456-9B24-4591-8F24-92C5868455F7}
		{E179FD5D-1B5F-4868-9A24-134D53C93E34} = {7107956E-BC05-4060-8D9C-563805110605}
		{CD837265-3929-408A-9E70-96EB62AD258B} = {E179FD5D-1B5F-4868-9A24-134D53C93E34}
		{9CA0C08C-BB1C-4EC7-A875-B3431E96EE95} = {E179FD5D-1B5F-4868-9A24-134D53C93E34}
		{B877C33D-16C3-4758-9D37-5875671091CD} = {835597DE-A82C-42FA-93DC-09CAC36D7D4B}
		{7BF9FBF4-06A7-4022-843D-C59DFA48A622} = {835597DE-A82C-42FA-93DC-09CAC36D7D4B}
	EndGlobalSection
	GlobalSection(ExtensibilityGlobals) = postSolution
		SolutionGuid = {63B56346-08C2-4513-98F6-0FE8682E53C7}
	EndGlobalSection
EndGlobal
