
Microsoft Visual Studio Solution File, Format Version 12.00
# Visual Studio Version 17
VisualStudioVersion = 17.3.32929.385
MinimumVisualStudioVersion = 10.0.40219.1
Project("{2150E333-8FDC-42A3-9474-1A3956D46DE8}") = "src", "src", "{AF77AF8F-E0C3-4D05-9D49-6989F522C59E}"
EndProject
Project("{2150E333-8FDC-42A3-9474-1A3956D46DE8}") = "test", "test", "{7107956E-BC05-4060-8D9C-563805110605}"
EndProject
Project("{2150E333-8FDC-42A3-9474-1A3956D46DE8}") = "Services", "Services", "{E9376157-31F1-4C37-8D19-6841506FBBC5}"
EndProject
Project("{2150E333-8FDC-42A3-9474-1A3956D46DE8}") = "buildingblocks", "buildingblocks", "{E667C85C-80E1-4045-88A8-3BC69F2253AE}"
EndProject
Project("{2150E333-8FDC-42A3-9474-1A3956D46DE8}") = "Ordering", "Ordering", "{835597DE-A82C-42FA-93DC-09CAC36D7D4B}"
EndProject
Project("{2150E333-8FDC-42A3-9474-1A3956D46DE8}") = "Catalog", "Catalog", "{A6099394-2440-4B3C-83E2-4D95E3C3652A}"
EndProject
Project("{2150E333-8FDC-42A3-9474-1A3956D46DE8}") = "Basket", "Basket", "{AE496456-9B24-4591-8F24-92C5868455F7}"
EndProject
Project("{FAE04EC0-301F-11D3-BF4B-00C04F79EFBC}") = "MicroStore.Catalog.Domain", "MicroStore.Catalog.Domain\MicroStore.Catalog.Domain.csproj", "{9F8DDB69-D2B0-490D-B65C-2F72AD0A8E72}"
EndProject
Project("{FAE04EC0-301F-11D3-BF4B-00C04F79EFBC}") = "MicroStore.BuildingBlocks.Results", "MicroStore.BuildingBlocks.Results\MicroStore.BuildingBlocks.Results.csproj", "{0F13B42D-5483-4210-88D6-929B01712F96}"
EndProject
Project("{FAE04EC0-301F-11D3-BF4B-00C04F79EFBC}") = "MicroStore.BuildingBlocks.InMemoryBus", "MicroStore.BuildingBlocks.InMemoryBus\MicroStore.BuildingBlocks.InMemoryBus.csproj", "{993C7C07-BF1B-4E19-B7CF-EC6F0BA49375}"
EndProject
Project("{FAE04EC0-301F-11D3-BF4B-00C04F79EFBC}") = "MicroStore.BuildingBlocks.Mediator", "MicroStore.BuildingBlocks.Mediator\MicroStore.BuildingBlocks.Mediator.csproj", "{A4D0A453-2A90-4546-AB65-15FDD7F282D4}"
EndProject
Project("{FAE04EC0-301F-11D3-BF4B-00C04F79EFBC}") = "MicroStore.Catalog.Application", "MicroStore.Catalog.Application\MicroStore.Catalog.Application.csproj", "{9F319B3B-7D27-4F9A-B2A6-77B1C64053D3}"
EndProject
Project("{FAE04EC0-301F-11D3-BF4B-00C04F79EFBC}") = "MicroStore.Catalog.Application.Abstractions", "MicroStore.Catalog.Application.Abstractions\MicroStore.Catalog.Application.Abstractions.csproj", "{0C7B43F8-0A8C-4663-9646-49C5F1488109}"
EndProject
Project("{FAE04EC0-301F-11D3-BF4B-00C04F79EFBC}") = "MicroStore.Catalog.IntegrationEvents", "MicroStore.Catalog.IntegrationEvents\MicroStore.Catalog.IntegrationEvents.csproj", "{EDF83FA4-2AD9-4075-9025-BD26696DFED3}"
EndProject
Global
	GlobalSection(SolutionConfigurationPlatforms) = preSolution
		Debug|Any CPU = Debug|Any CPU
		Release|Any CPU = Release|Any CPU
	EndGlobalSection
	GlobalSection(ProjectConfigurationPlatforms) = postSolution
		{9F8DDB69-D2B0-490D-B65C-2F72AD0A8E72}.Debug|Any CPU.ActiveCfg = Debug|Any CPU
		{9F8DDB69-D2B0-490D-B65C-2F72AD0A8E72}.Debug|Any CPU.Build.0 = Debug|Any CPU
		{9F8DDB69-D2B0-490D-B65C-2F72AD0A8E72}.Release|Any CPU.ActiveCfg = Release|Any CPU
		{9F8DDB69-D2B0-490D-B65C-2F72AD0A8E72}.Release|Any CPU.Build.0 = Release|Any CPU
		{0F13B42D-5483-4210-88D6-929B01712F96}.Debug|Any CPU.ActiveCfg = Debug|Any CPU
		{0F13B42D-5483-4210-88D6-929B01712F96}.Debug|Any CPU.Build.0 = Debug|Any CPU
		{0F13B42D-5483-4210-88D6-929B01712F96}.Release|Any CPU.ActiveCfg = Release|Any CPU
		{0F13B42D-5483-4210-88D6-929B01712F96}.Release|Any CPU.Build.0 = Release|Any CPU
		{993C7C07-BF1B-4E19-B7CF-EC6F0BA49375}.Debug|Any CPU.ActiveCfg = Debug|Any CPU
		{993C7C07-BF1B-4E19-B7CF-EC6F0BA49375}.Debug|Any CPU.Build.0 = Debug|Any CPU
		{993C7C07-BF1B-4E19-B7CF-EC6F0BA49375}.Release|Any CPU.ActiveCfg = Release|Any CPU
		{993C7C07-BF1B-4E19-B7CF-EC6F0BA49375}.Release|Any CPU.Build.0 = Release|Any CPU
		{A4D0A453-2A90-4546-AB65-15FDD7F282D4}.Debug|Any CPU.ActiveCfg = Debug|Any CPU
		{A4D0A453-2A90-4546-AB65-15FDD7F282D4}.Debug|Any CPU.Build.0 = Debug|Any CPU
		{A4D0A453-2A90-4546-AB65-15FDD7F282D4}.Release|Any CPU.ActiveCfg = Release|Any CPU
		{A4D0A453-2A90-4546-AB65-15FDD7F282D4}.Release|Any CPU.Build.0 = Release|Any CPU
	EndGlobalSection
	GlobalSection(SolutionProperties) = preSolution
		HideSolutionNode = FALSE
	EndGlobalSection
	GlobalSection(NestedProjects) = preSolution
		{E9376157-31F1-4C37-8D19-6841506FBBC5} = {AF77AF8F-E0C3-4D05-9D49-6989F522C59E}
		{E667C85C-80E1-4045-88A8-3BC69F2253AE} = {AF77AF8F-E0C3-4D05-9D49-6989F522C59E}
		{835597DE-A82C-42FA-93DC-09CAC36D7D4B} = {E9376157-31F1-4C37-8D19-6841506FBBC5}
		{A6099394-2440-4B3C-83E2-4D95E3C3652A} = {E9376157-31F1-4C37-8D19-6841506FBBC5}
		{AE496456-9B24-4591-8F24-92C5868455F7} = {E9376157-31F1-4C37-8D19-6841506FBBC5}
		{9F8DDB69-D2B0-490D-B65C-2F72AD0A8E72} = {A6099394-2440-4B3C-83E2-4D95E3C3652A}
		{0F13B42D-5483-4210-88D6-929B01712F96} = {E667C85C-80E1-4045-88A8-3BC69F2253AE}
		{993C7C07-BF1B-4E19-B7CF-EC6F0BA49375} = {E667C85C-80E1-4045-88A8-3BC69F2253AE}
		{A4D0A453-2A90-4546-AB65-15FDD7F282D4} = {E667C85C-80E1-4045-88A8-3BC69F2253AE}
	EndGlobalSection
	GlobalSection(ExtensibilityGlobals) = postSolution
		SolutionGuid = {63B56346-08C2-4513-98F6-0FE8682E53C7}
	EndGlobalSection
EndGlobal
