
Microsoft Visual Studio Solution File, Format Version 12.00
# Visual Studio Version 17
VisualStudioVersion = 17.3.32929.385
MinimumVisualStudioVersion = 10.0.40219.1
Project("{2150E333-8FDC-42A3-9474-1A3956D46DE8}") = "src", "src", "{AF77AF8F-E0C3-4D05-9D49-6989F522C59E}"
EndProject
Project("{2150E333-8FDC-42A3-9474-1A3956D46DE8}") = "test", "test", "{7107956E-BC05-4060-8D9C-563805110605}"
EndProject
Project("{2150E333-8FDC-42A3-9474-1A3956D46DE8}") = "Services", "Services", "{E9376157-31F1-4C37-8D19-6841506FBBC5}"
EndProject
Project("{2150E333-8FDC-42A3-9474-1A3956D46DE8}") = "buildingblocks", "buildingblocks", "{E667C85C-80E1-4045-88A8-3BC69F2253AE}"
EndProject
Project("{2150E333-8FDC-42A3-9474-1A3956D46DE8}") = "Ordering", "Ordering", "{835597DE-A82C-42FA-93DC-09CAC36D7D4B}"
EndProject
Project("{2150E333-8FDC-42A3-9474-1A3956D46DE8}") = "Catalog", "Catalog", "{A6099394-2440-4B3C-83E2-4D95E3C3652A}"
EndProject
Project("{2150E333-8FDC-42A3-9474-1A3956D46DE8}") = "Basket", "Basket", "{AE496456-9B24-4591-8F24-92C5868455F7}"
EndProject
Project("{9A19103F-16F7-4668-BE54-9A1E7A4F7556}") = "MicroStore.Catalog.Domain", "MicroStore.Catalog.Domain\MicroStore.Catalog.Domain.csproj", "{9F8DDB69-D2B0-490D-B65C-2F72AD0A8E72}"
EndProject
Project("{9A19103F-16F7-4668-BE54-9A1E7A4F7556}") = "MicroStore.BuildingBlocks.Results", "MicroStore.BuildingBlocks.Results\MicroStore.BuildingBlocks.Results.csproj", "{0F13B42D-5483-4210-88D6-929B01712F96}"
EndProject
Project("{9A19103F-16F7-4668-BE54-9A1E7A4F7556}") = "MicroStore.Catalog.Application", "MicroStore.Catalog.Application\MicroStore.Catalog.Application.csproj", "{9F319B3B-7D27-4F9A-B2A6-77B1C64053D3}"
EndProject
Project("{9A19103F-16F7-4668-BE54-9A1E7A4F7556}") = "MicroStore.Catalog.IntegrationEvents", "MicroStore.Catalog.IntegrationEvents\MicroStore.Catalog.IntegrationEvents.csproj", "{EDF83FA4-2AD9-4075-9025-BD26696DFED3}"
EndProject
Project("{9A19103F-16F7-4668-BE54-9A1E7A4F7556}") = "MicroStore.Catalog.Infrastructure", "MicroStore.Catalog.Infrastructure\MicroStore.Catalog.Infrastructure.csproj", "{B00EF95A-845C-4797-8434-5ACA8FE3812D}"
EndProject
Project("{9A19103F-16F7-4668-BE54-9A1E7A4F7556}") = "MicroStore.Catalog.Api", "MicroStore.Catalog.Api\MicroStore.Catalog.Api.csproj", "{2EF24FB8-0673-426E-BC08-05CDDB9E77E4}"
EndProject
Project("{9A19103F-16F7-4668-BE54-9A1E7A4F7556}") = "MicroStore.TestBase", "MicroStore.TestBase\MicroStore.TestBase.csproj", "{04E9463B-B9C8-46F2-A3C9-764E576BEDF6}"
EndProject
Project("{9A19103F-16F7-4668-BE54-9A1E7A4F7556}") = "MicroStore.BuildingBlocks.Security", "MicroStore.BuildingBlocks.Security\MicroStore.BuildingBlocks.Security.csproj", "{3CB0DCEA-39E0-45CA-AE63-B156ABF14173}"
EndProject
Project("{9A19103F-16F7-4668-BE54-9A1E7A4F7556}") = "MicroStore.Ordering.IntegrationEvents", "MicroStore.Ordering.IntegrationEvents\MicroStore.Ordering.IntegrationEvents.csproj", "{1AE892A5-F10E-49BE-9160-809BA2BC1DE7}"
EndProject
Project("{9A19103F-16F7-4668-BE54-9A1E7A4F7556}") = "MicroStore.ShoppingCart.Api", "MicroStore.ShoppingCart.Api\MicroStore.ShoppingCart.Api.csproj", "{ABE9A0E7-0AA4-4B53-8B55-90635A80EBE6}"
EndProject
Project("{9A19103F-16F7-4668-BE54-9A1E7A4F7556}") = "MicroStore.Ordering.Application", "MicroStore.Ordering.Application\MicroStore.Ordering.Application.csproj", "{B877C33D-16C3-4758-9D37-5875671091CD}"
EndProject
Project("{2150E333-8FDC-42A3-9474-1A3956D46DE8}") = "Inventory", "Inventory", "{ACDA15E2-E062-4EF3-B006-68F0B13FBD3D}"
EndProject
Project("{2150E333-8FDC-42A3-9474-1A3956D46DE8}") = "Payment", "Payment", "{BE82F71D-DA9C-46FC-A017-01F36EEF8AA4}"
EndProject
Project("{9A19103F-16F7-4668-BE54-9A1E7A4F7556}") = "MicroStore.Inventory.IntegrationEvents", "MicroStore.Inventory.IntegrationEvents\MicroStore.Inventory.IntegrationEvents.csproj", "{5D608908-B571-45E0-8151-D5C125D51502}"
EndProject
Project("{9A19103F-16F7-4668-BE54-9A1E7A4F7556}") = "MicroStore.Payment.IntegrationEvents", "MicroStore.Payment.IntegrationEvents\MicroStore.Payment.IntegrationEvents.csproj", "{67054396-7FC9-4BBF-BCA1-4574BAD83492}"
EndProject
Project("{9A19103F-16F7-4668-BE54-9A1E7A4F7556}") = "MicroStore.Ordering.Infrastructure", "MicroStore.Ordering.Infrastructure\MicroStore.Ordering.Infrastructure.csproj", "{4D80DBFF-6518-4F98-9CFA-93DE2FDD78AA}"
EndProject
Project("{2150E333-8FDC-42A3-9474-1A3956D46DE8}") = "Ordering", "Ordering", "{5AB36143-A0FF-4821-8110-5DE09809C365}"
EndProject
Project("{9A19103F-16F7-4668-BE54-9A1E7A4F7556}") = "MicroStore.Ordering.Application.Tests", "MicroStore.Ordering.Application.Tests\MicroStore.Ordering.Application.Tests.csproj", "{E97936E3-4A9E-4681-AAE3-64B78EFAC525}"
EndProject
Project("{9A19103F-16F7-4668-BE54-9A1E7A4F7556}") = "MicroStore.Ordering.Api", "MicroStore.Ordering.Api\MicroStore.Ordering.Api.csproj", "{C3674191-4AE0-4481-AA61-5BEF1D8D7787}"
EndProject
Project("{2150E333-8FDC-42A3-9474-1A3956D46DE8}") = "Inventory", "Inventory", "{FE55EE22-4121-4575-AB3C-70E454F24B44}"
EndProject
Project("{9A19103F-16F7-4668-BE54-9A1E7A4F7556}") = "MicroStore.Inventory.Domain", "MicroStore.Inventory.Domain\MicroStore.Inventory.Domain.csproj", "{A608AC45-4BBD-4B1E-8F29-C49CBD892094}"
EndProject
Project("{9A19103F-16F7-4668-BE54-9A1E7A4F7556}") = "MicroStore.Inventory.Application", "MicroStore.Inventory.Application\MicroStore.Inventory.Application.csproj", "{B3857DA6-52B2-48C2-B1CC-D600D900BB58}"
EndProject
Project("{9A19103F-16F7-4668-BE54-9A1E7A4F7556}") = "MicroStore.Inventory.Application.Tests", "MicroStore.Inventory.Application.Tests\MicroStore.Inventory.Application.Tests.csproj", "{B68877CC-1044-40AC-A69A-E40020E6E080}"
EndProject
Project("{9A19103F-16F7-4668-BE54-9A1E7A4F7556}") = "MicroStore.Inventory.Infrastructure", "MicroStore.Inventory.Infrastructure\MicroStore.Inventory.Infrastructure.csproj", "{C7D8AABD-7ABC-4760-B04F-80001ADB8D70}"
EndProject
Project("{9A19103F-16F7-4668-BE54-9A1E7A4F7556}") = "MicroStore.Payment.Application", "MicroStore.Payment.Application\MicroStore.Payment.Application.csproj", "{2DFA10A5-87CA-4AC9-BB67-07E3AC186F65}"
EndProject
Project("{2150E333-8FDC-42A3-9474-1A3956D46DE8}") = "Payment", "Payment", "{1A61AA0D-ECDB-4D54-B10B-C60EB411886D}"
EndProject
Project("{9A19103F-16F7-4668-BE54-9A1E7A4F7556}") = "MicroStore.Payment.Application.Tests", "MicroStore.Payment.Application.Tests\MicroStore.Payment.Application.Tests.csproj", "{42975F94-FC97-4A1B-8B98-8CE79CA141A0}"
EndProject
Project("{9A19103F-16F7-4668-BE54-9A1E7A4F7556}") = "MicroStore.Payment.Api.Host", "MicroStore.Payment.Api.Host\MicroStore.Payment.Api.Host.csproj", "{8A34A6F1-74CC-43E4-AF14-FBC9742B91D4}"
EndProject
Project("{9A19103F-16F7-4668-BE54-9A1E7A4F7556}") = "MicroStore.Payment.Api", "MicroStore.Payment.Api\MicroStore.Payment.Api.csproj", "{2BED3AA1-D149-4F8D-B13A-345B654B7EEE}"
EndProject
Project("{2150E333-8FDC-42A3-9474-1A3956D46DE8}") = "Plugins", "Plugins", "{A3C8A58C-1E7B-478D-9104-85613A663C75}"
EndProject
Project("{9A19103F-16F7-4668-BE54-9A1E7A4F7556}") = "MicroStore.Payment.Plugin.StripeGateway", "MicroStore.Payment.Plugin.StripeGateway\MicroStore.Payment.Plugin.StripeGateway.csproj", "{ECC19BFD-7E36-4A04-8C3E-CFF3C9F0A1AB}"
EndProject
Project("{9A19103F-16F7-4668-BE54-9A1E7A4F7556}") = "MicroStore.Catalog.Application.Tests", "MicroStore.Catalog.Application.Tests\MicroStore.Catalog.Application.Tests.csproj", "{44372A57-F999-4991-A35F-8B2D1933A66C}"
EndProject
Project("{2150E333-8FDC-42A3-9474-1A3956D46DE8}") = "Catalog", "Catalog", "{9A07EB2A-2770-43FF-99CD-672230FDC81E}"
EndProject
Project("{2150E333-8FDC-42A3-9474-1A3956D46DE8}") = "Shipping", "Shipping", "{B123002B-B59F-4949-9BD4-6647DF5CB284}"
EndProject
Project("{9A19103F-16F7-4668-BE54-9A1E7A4F7556}") = "MicroStore.Shipping.Domain", "MicroStore.Shipping.Domain\MicroStore.Shipping.Domain.csproj", "{6E55A7BC-A45E-469E-AFA3-7577A4D36FD6}"
EndProject
Project("{9A19103F-16F7-4668-BE54-9A1E7A4F7556}") = "MicroStore.Shipping.Application", "MicroStore.Shipping.Application\MicroStore.Shipping.Application.csproj", "{231D9BC6-D028-4DC0-A30E-335F6CC7DB1F}"
EndProject
Project("{9A19103F-16F7-4668-BE54-9A1E7A4F7556}") = "MicroStore.Shipping.Application.Abstraction", "MicroStore.Shipping.Application.Abstraction\MicroStore.Shipping.Application.Abstraction.csproj", "{FE44A65B-BB9A-43B9-A9C0-2C74D8AB682B}"
EndProject
Project("{2150E333-8FDC-42A3-9474-1A3956D46DE8}") = "Shipping", "Shipping", "{BAFCA1F4-B57F-4D90-A82C-6D20724EA5DC}"
EndProject
Project("{9A19103F-16F7-4668-BE54-9A1E7A4F7556}") = "MicroStore.Shipping.Application.Tests", "MicroStore.Shipping.Application.Tests\MicroStore.Shipping.Application.Tests.csproj", "{9F2F12B9-934B-49B2-9A0A-FAAECB54D8A4}"
EndProject
Project("{2150E333-8FDC-42A3-9474-1A3956D46DE8}") = "Plugins", "Plugins", "{D31AA3F7-51D5-4409-8041-838571C621A0}"
EndProject
Project("{9A19103F-16F7-4668-BE54-9A1E7A4F7556}") = "MicroStore.Shipping.Plugin.ShipEngineGateway", "MicroStore.Shipping.Plugin.ShipEngineGateway\MicroStore.Shipping.Plugin.ShipEngineGateway.csproj", "{3FA7F969-BA76-47DE-A94E-AEF8A1688C76}"
EndProject
Project("{9A19103F-16F7-4668-BE54-9A1E7A4F7556}") = "MicroStore.Shipping.IntegrationEvents", "MicroStore.Shipping.IntegrationEvents\MicroStore.Shipping.IntegrationEvents.csproj", "{EEAF6102-2C4F-4390-9210-5A92A25F31C8}"
EndProject
Project("{9A19103F-16F7-4668-BE54-9A1E7A4F7556}") = "MicroStore.Shipping.WebApi", "MicroStore.Shipping.WebApi\MicroStore.Shipping.WebApi.csproj", "{AD523737-3915-4007-8703-B646FD8846EC}"
EndProject
Project("{9A19103F-16F7-4668-BE54-9A1E7A4F7556}") = "MicroStore.Shipping.Infrastructure", "MicroStore.Shipping.Infrastructure\MicroStore.Shipping.Infrastructure.csproj", "{3CF302EE-588B-4ED5-9320-0D437DB6843B}"
EndProject
Project("{9A19103F-16F7-4668-BE54-9A1E7A4F7556}") = "MicroStore.BuildingBlocks.AspNetCore", "MicroStore.BuildingBlocks.AspNetCore\MicroStore.BuildingBlocks.AspNetCore.csproj", "{C5FF3F31-7A0C-47D5-AFAF-7EF4929AE204}"
EndProject
Project("{9A19103F-16F7-4668-BE54-9A1E7A4F7556}") = "MicroStore.Inventory.Host", "MicroStore.Inventory.Host\MicroStore.Inventory.Host.csproj", "{A0F4BACF-A331-4810-9D9F-79FA727C9E75}"
EndProject
Project("{9A19103F-16F7-4668-BE54-9A1E7A4F7556}") = "MicroStore.Inventory.Api", "MicroStore.Inventory.Api\MicroStore.Inventory.Api.csproj", "{6CEA2A08-2A77-44AC-9603-B8267B77BC9C}"
EndProject
Project("{9A19103F-16F7-4668-BE54-9A1E7A4F7556}") = "MicroStore.Shipping.Host", "MicroStore.Shipping.Host\MicroStore.Shipping.Host.csproj", "{CFD4D86C-AD15-4D8C-A020-D080A67F11F1}"
EndProject
Project("{2150E333-8FDC-42A3-9474-1A3956D46DE8}") = "Gateways", "Gateways", "{BD70AA12-DA39-4282-A2B0-5D2BA8381915}"
EndProject
Project("{9A19103F-16F7-4668-BE54-9A1E7A4F7556}") = "MicroStore.Gateway.Shopping", "MicroStore.Gateway.Shopping\MicroStore.Gateway.Shopping.csproj", "{278559FF-BA24-4960-952C-CAA8D04F2A2E}"
EndProject
Project("{9A19103F-16F7-4668-BE54-9A1E7A4F7556}") = "MicroStore.BuildingBlocks.Paging", "MicroStore.BuildingBlocks.Paging\MicroStore.BuildingBlocks.Paging.csproj", "{19342C68-A13A-46B5-857F-EB48CD5DF646}"
EndProject
Project("{2150E333-8FDC-42A3-9474-1A3956D46DE8}") = "Sdks", "Sdks", "{74C4E224-AF8E-4092-AE29-74429B032F88}"
EndProject
Project("{9A19103F-16F7-4668-BE54-9A1E7A4F7556}") = "MicroStore.ShoppingGateway.ClinetSdk", "MicroStore.ShoppingGateway.ClinetSdk\MicroStore.ShoppingGateway.ClinetSdk.csproj", "{E1C3CDD4-A7E5-48F2-9839-92CC68AAC5C8}"
EndProject
Project("{2150E333-8FDC-42A3-9474-1A3956D46DE8}") = "IdentityProvider", "IdentityProvider", "{21827ADD-5DB2-467B-B2E3-A206CB003FA2}"
EndProject
Project("{9A19103F-16F7-4668-BE54-9A1E7A4F7556}") = "MicroStore.IdentityProvider.Host", "MicroStore.IdentityProvider.Host\MicroStore.IdentityProvider.Host.csproj", "{2ADD6386-78B3-428E-BAD9-EFF3908403CF}"
EndProject
Project("{2150E333-8FDC-42A3-9474-1A3956D46DE8}") = "IdentityModule", "IdentityModule", "{78B1A32D-454C-417E-B843-84C1EBABAFFB}"
EndProject
Project("{9A19103F-16F7-4668-BE54-9A1E7A4F7556}") = "MicroStore.IdentityProvider.Identity.Application", "MicroStore.IdentityProvider.Identity.Application\MicroStore.IdentityProvider.Identity.Application.csproj", "{0D13D7DF-9A16-4FF8-A05A-923797D4E9A9}"
EndProject
Project("{2150E333-8FDC-42A3-9474-1A3956D46DE8}") = "IdentityProvider", "IdentityProvider", "{53F22E17-C08D-4A42-9996-A2549237A1B4}"
EndProject
Project("{2150E333-8FDC-42A3-9474-1A3956D46DE8}") = "Modules", "Modules", "{33798677-D8A3-4294-A28A-C9C6DFE09D45}"
EndProject
Project("{9A19103F-16F7-4668-BE54-9A1E7A4F7556}") = "MicroStore.IdentityProvider.Identity.Application.Tests", "MicroStore.IdentityProvider.Identity.Application.Tests\MicroStore.IdentityProvider.Identity.Application.Tests.csproj", "{1AED6CD3-6E5D-4E9A-9934-3D89A0F7EF40}"
EndProject
Project("{9A19103F-16F7-4668-BE54-9A1E7A4F7556}") = "MicroStore.IdentityProvider.Identity.Infrastructure", "MicroStore.IdentityProvider.Identity.Infrastructure\MicroStore.IdentityProvider.Identity.Infrastructure.csproj", "{BABABB81-6742-4742-8744-FB8FEBD4262C}"
EndProject
Project("{2150E333-8FDC-42A3-9474-1A3956D46DE8}") = "IdentityServerModule", "IdentityServerModule", "{33E12BB6-BDE8-4E84-8226-D19679ECCA45}"
EndProject
Project("{9A19103F-16F7-4668-BE54-9A1E7A4F7556}") = "MicroStore.IdentityProvider.IdentityServer.Application", "MicroStore.IdentityProvider.IdentityServer.Application\MicroStore.IdentityProvider.IdentityServer.Application.csproj", "{F55EE88D-49FF-4AC6-B0AA-07F0BA667B99}"
EndProject
Project("{9A19103F-16F7-4668-BE54-9A1E7A4F7556}") = "MicroStore.IdentityProvider.IdentityServer.Infrastructure", "MicroStore.IdentityProvider.IdentityServer.Infrastructure\MicroStore.IdentityProvider.IdentityServer.Infrastructure.csproj", "{58AC6291-1FF7-4BA7-88F1-3EBD9E1CE896}"
EndProject
Project("{2150E333-8FDC-42A3-9474-1A3956D46DE8}") = "IdentityModule", "IdentityModule", "{2FB29A7D-6164-41A0-B908-307A7035265A}"
EndProject
Project("{2150E333-8FDC-42A3-9474-1A3956D46DE8}") = "IdentityServerModule", "IdentityServerModule", "{AC79C94B-3DBE-4AF9-A22A-0EE770582052}"
EndProject
Project("{9A19103F-16F7-4668-BE54-9A1E7A4F7556}") = "MicroStore.IdentityProvider.IdentityServer.Application.Tests", "MicroStore.IdentityProvider.IdentityServer.Application.Tests\MicroStore.IdentityProvider.IdentityServer.Application.Tests.csproj", "{9AC1D401-9637-4774-87E4-05EF221923BB}"
EndProject
Project("{9A19103F-16F7-4668-BE54-9A1E7A4F7556}") = "MicroStore.Payment.Domain.Shared", "MicroStore.Payment.Domain.Shared\MicroStore.Payment.Domain.Shared.csproj", "{EBD18803-AB89-44EC-A092-4154CAD592E8}"
EndProject
Project("{2150E333-8FDC-42A3-9474-1A3956D46DE8}") = "apps", "apps", "{7C2C78B5-11EA-44D9-AE23-C925B2D27C3C}"
EndProject
Project("{9A19103F-16F7-4668-BE54-9A1E7A4F7556}") = "MicroStore.Client.PublicWeb", "MicroStore.Client.PublicWeb\MicroStore.Client.PublicWeb.csproj", "{C17B899B-56D1-4762-9673-168DD143FE80}"
EndProject
Project("{2150E333-8FDC-42A3-9474-1A3956D46DE8}") = "Geographic", "Geographic", "{58E8DC27-5B85-4415-B197-3EEE830AEB8D}"
EndProject
Project("{9A19103F-16F7-4668-BE54-9A1E7A4F7556}") = "MicroStore.Geographic.Application", "MicroStore.Geographic.Application\MicroStore.Geographic.Application.csproj", "{51E32C9B-9A71-470F-90A3-51490A000A4B}"
EndProject
Project("{2150E333-8FDC-42A3-9474-1A3956D46DE8}") = "Geographic", "Geographic", "{180F0EAF-5EB7-4716-A3FF-0493B4500123}"
EndProject
Project("{FAE04EC0-301F-11D3-BF4B-00C04F79EFBC}") = "MicroStore.Geographic.Application.Tests", "MicroStore.Geographic.Application.Tests\MicroStore.Geographic.Application.Tests.csproj", "{43DE17E0-D1A6-4595-9020-1F98DB440B3A}"
EndProject
Project("{FAE04EC0-301F-11D3-BF4B-00C04F79EFBC}") = "MicroStore.Geographic.Host", "MicroStore.Geographic.Host\MicroStore.Geographic.Host.csproj", "{47684EAA-80D3-4CB1-B110-2DE2F1B8036E}"
EndProject
Global
	GlobalSection(SolutionConfigurationPlatforms) = preSolution
		Debug|Any CPU = Debug|Any CPU
		Release|Any CPU = Release|Any CPU
	EndGlobalSection
	GlobalSection(ProjectConfigurationPlatforms) = postSolution
		{9F8DDB69-D2B0-490D-B65C-2F72AD0A8E72}.Debug|Any CPU.ActiveCfg = Debug|Any CPU
		{9F8DDB69-D2B0-490D-B65C-2F72AD0A8E72}.Debug|Any CPU.Build.0 = Debug|Any CPU
		{9F8DDB69-D2B0-490D-B65C-2F72AD0A8E72}.Release|Any CPU.ActiveCfg = Release|Any CPU
		{9F8DDB69-D2B0-490D-B65C-2F72AD0A8E72}.Release|Any CPU.Build.0 = Release|Any CPU
		{0F13B42D-5483-4210-88D6-929B01712F96}.Debug|Any CPU.ActiveCfg = Debug|Any CPU
		{0F13B42D-5483-4210-88D6-929B01712F96}.Debug|Any CPU.Build.0 = Debug|Any CPU
		{0F13B42D-5483-4210-88D6-929B01712F96}.Release|Any CPU.ActiveCfg = Release|Any CPU
		{0F13B42D-5483-4210-88D6-929B01712F96}.Release|Any CPU.Build.0 = Release|Any CPU
		{9F319B3B-7D27-4F9A-B2A6-77B1C64053D3}.Debug|Any CPU.ActiveCfg = Debug|Any CPU
		{9F319B3B-7D27-4F9A-B2A6-77B1C64053D3}.Debug|Any CPU.Build.0 = Debug|Any CPU
		{9F319B3B-7D27-4F9A-B2A6-77B1C64053D3}.Release|Any CPU.ActiveCfg = Release|Any CPU
		{9F319B3B-7D27-4F9A-B2A6-77B1C64053D3}.Release|Any CPU.Build.0 = Release|Any CPU
		{EDF83FA4-2AD9-4075-9025-BD26696DFED3}.Debug|Any CPU.ActiveCfg = Debug|Any CPU
		{EDF83FA4-2AD9-4075-9025-BD26696DFED3}.Debug|Any CPU.Build.0 = Debug|Any CPU
		{EDF83FA4-2AD9-4075-9025-BD26696DFED3}.Release|Any CPU.ActiveCfg = Release|Any CPU
		{EDF83FA4-2AD9-4075-9025-BD26696DFED3}.Release|Any CPU.Build.0 = Release|Any CPU
		{B00EF95A-845C-4797-8434-5ACA8FE3812D}.Debug|Any CPU.ActiveCfg = Debug|Any CPU
		{B00EF95A-845C-4797-8434-5ACA8FE3812D}.Debug|Any CPU.Build.0 = Debug|Any CPU
		{B00EF95A-845C-4797-8434-5ACA8FE3812D}.Release|Any CPU.ActiveCfg = Release|Any CPU
		{B00EF95A-845C-4797-8434-5ACA8FE3812D}.Release|Any CPU.Build.0 = Release|Any CPU
		{2EF24FB8-0673-426E-BC08-05CDDB9E77E4}.Debug|Any CPU.ActiveCfg = Debug|Any CPU
		{2EF24FB8-0673-426E-BC08-05CDDB9E77E4}.Debug|Any CPU.Build.0 = Debug|Any CPU
		{2EF24FB8-0673-426E-BC08-05CDDB9E77E4}.Release|Any CPU.ActiveCfg = Release|Any CPU
		{2EF24FB8-0673-426E-BC08-05CDDB9E77E4}.Release|Any CPU.Build.0 = Release|Any CPU
		{04E9463B-B9C8-46F2-A3C9-764E576BEDF6}.Debug|Any CPU.ActiveCfg = Debug|Any CPU
		{04E9463B-B9C8-46F2-A3C9-764E576BEDF6}.Debug|Any CPU.Build.0 = Debug|Any CPU
		{04E9463B-B9C8-46F2-A3C9-764E576BEDF6}.Release|Any CPU.ActiveCfg = Release|Any CPU
		{04E9463B-B9C8-46F2-A3C9-764E576BEDF6}.Release|Any CPU.Build.0 = Release|Any CPU
		{3CB0DCEA-39E0-45CA-AE63-B156ABF14173}.Debug|Any CPU.ActiveCfg = Debug|Any CPU
		{3CB0DCEA-39E0-45CA-AE63-B156ABF14173}.Debug|Any CPU.Build.0 = Debug|Any CPU
		{3CB0DCEA-39E0-45CA-AE63-B156ABF14173}.Release|Any CPU.ActiveCfg = Release|Any CPU
		{3CB0DCEA-39E0-45CA-AE63-B156ABF14173}.Release|Any CPU.Build.0 = Release|Any CPU
		{1AE892A5-F10E-49BE-9160-809BA2BC1DE7}.Debug|Any CPU.ActiveCfg = Debug|Any CPU
		{1AE892A5-F10E-49BE-9160-809BA2BC1DE7}.Debug|Any CPU.Build.0 = Debug|Any CPU
		{1AE892A5-F10E-49BE-9160-809BA2BC1DE7}.Release|Any CPU.ActiveCfg = Release|Any CPU
		{1AE892A5-F10E-49BE-9160-809BA2BC1DE7}.Release|Any CPU.Build.0 = Release|Any CPU
		{ABE9A0E7-0AA4-4B53-8B55-90635A80EBE6}.Debug|Any CPU.ActiveCfg = Debug|Any CPU
		{ABE9A0E7-0AA4-4B53-8B55-90635A80EBE6}.Debug|Any CPU.Build.0 = Debug|Any CPU
		{ABE9A0E7-0AA4-4B53-8B55-90635A80EBE6}.Release|Any CPU.ActiveCfg = Release|Any CPU
		{ABE9A0E7-0AA4-4B53-8B55-90635A80EBE6}.Release|Any CPU.Build.0 = Release|Any CPU
		{B877C33D-16C3-4758-9D37-5875671091CD}.Debug|Any CPU.ActiveCfg = Debug|Any CPU
		{B877C33D-16C3-4758-9D37-5875671091CD}.Debug|Any CPU.Build.0 = Debug|Any CPU
		{B877C33D-16C3-4758-9D37-5875671091CD}.Release|Any CPU.ActiveCfg = Release|Any CPU
		{B877C33D-16C3-4758-9D37-5875671091CD}.Release|Any CPU.Build.0 = Release|Any CPU
		{5D608908-B571-45E0-8151-D5C125D51502}.Debug|Any CPU.ActiveCfg = Debug|Any CPU
		{5D608908-B571-45E0-8151-D5C125D51502}.Debug|Any CPU.Build.0 = Debug|Any CPU
		{5D608908-B571-45E0-8151-D5C125D51502}.Release|Any CPU.ActiveCfg = Release|Any CPU
		{5D608908-B571-45E0-8151-D5C125D51502}.Release|Any CPU.Build.0 = Release|Any CPU
		{67054396-7FC9-4BBF-BCA1-4574BAD83492}.Debug|Any CPU.ActiveCfg = Debug|Any CPU
		{67054396-7FC9-4BBF-BCA1-4574BAD83492}.Debug|Any CPU.Build.0 = Debug|Any CPU
		{67054396-7FC9-4BBF-BCA1-4574BAD83492}.Release|Any CPU.ActiveCfg = Release|Any CPU
		{67054396-7FC9-4BBF-BCA1-4574BAD83492}.Release|Any CPU.Build.0 = Release|Any CPU
		{4D80DBFF-6518-4F98-9CFA-93DE2FDD78AA}.Debug|Any CPU.ActiveCfg = Debug|Any CPU
		{4D80DBFF-6518-4F98-9CFA-93DE2FDD78AA}.Debug|Any CPU.Build.0 = Debug|Any CPU
		{4D80DBFF-6518-4F98-9CFA-93DE2FDD78AA}.Release|Any CPU.ActiveCfg = Release|Any CPU
		{4D80DBFF-6518-4F98-9CFA-93DE2FDD78AA}.Release|Any CPU.Build.0 = Release|Any CPU
		{E97936E3-4A9E-4681-AAE3-64B78EFAC525}.Debug|Any CPU.ActiveCfg = Debug|Any CPU
		{E97936E3-4A9E-4681-AAE3-64B78EFAC525}.Debug|Any CPU.Build.0 = Debug|Any CPU
		{E97936E3-4A9E-4681-AAE3-64B78EFAC525}.Release|Any CPU.ActiveCfg = Release|Any CPU
		{E97936E3-4A9E-4681-AAE3-64B78EFAC525}.Release|Any CPU.Build.0 = Release|Any CPU
		{C3674191-4AE0-4481-AA61-5BEF1D8D7787}.Debug|Any CPU.ActiveCfg = Debug|Any CPU
		{C3674191-4AE0-4481-AA61-5BEF1D8D7787}.Debug|Any CPU.Build.0 = Debug|Any CPU
		{C3674191-4AE0-4481-AA61-5BEF1D8D7787}.Release|Any CPU.ActiveCfg = Release|Any CPU
		{C3674191-4AE0-4481-AA61-5BEF1D8D7787}.Release|Any CPU.Build.0 = Release|Any CPU
		{A608AC45-4BBD-4B1E-8F29-C49CBD892094}.Debug|Any CPU.ActiveCfg = Debug|Any CPU
		{A608AC45-4BBD-4B1E-8F29-C49CBD892094}.Debug|Any CPU.Build.0 = Debug|Any CPU
		{A608AC45-4BBD-4B1E-8F29-C49CBD892094}.Release|Any CPU.ActiveCfg = Release|Any CPU
		{A608AC45-4BBD-4B1E-8F29-C49CBD892094}.Release|Any CPU.Build.0 = Release|Any CPU
		{B3857DA6-52B2-48C2-B1CC-D600D900BB58}.Debug|Any CPU.ActiveCfg = Debug|Any CPU
		{B3857DA6-52B2-48C2-B1CC-D600D900BB58}.Debug|Any CPU.Build.0 = Debug|Any CPU
		{B3857DA6-52B2-48C2-B1CC-D600D900BB58}.Release|Any CPU.ActiveCfg = Release|Any CPU
		{B3857DA6-52B2-48C2-B1CC-D600D900BB58}.Release|Any CPU.Build.0 = Release|Any CPU
		{B68877CC-1044-40AC-A69A-E40020E6E080}.Debug|Any CPU.ActiveCfg = Debug|Any CPU
		{B68877CC-1044-40AC-A69A-E40020E6E080}.Debug|Any CPU.Build.0 = Debug|Any CPU
		{B68877CC-1044-40AC-A69A-E40020E6E080}.Release|Any CPU.ActiveCfg = Release|Any CPU
		{B68877CC-1044-40AC-A69A-E40020E6E080}.Release|Any CPU.Build.0 = Release|Any CPU
		{C7D8AABD-7ABC-4760-B04F-80001ADB8D70}.Debug|Any CPU.ActiveCfg = Debug|Any CPU
		{C7D8AABD-7ABC-4760-B04F-80001ADB8D70}.Debug|Any CPU.Build.0 = Debug|Any CPU
		{C7D8AABD-7ABC-4760-B04F-80001ADB8D70}.Release|Any CPU.ActiveCfg = Release|Any CPU
		{C7D8AABD-7ABC-4760-B04F-80001ADB8D70}.Release|Any CPU.Build.0 = Release|Any CPU
		{2DFA10A5-87CA-4AC9-BB67-07E3AC186F65}.Debug|Any CPU.ActiveCfg = Debug|Any CPU
		{2DFA10A5-87CA-4AC9-BB67-07E3AC186F65}.Debug|Any CPU.Build.0 = Debug|Any CPU
		{2DFA10A5-87CA-4AC9-BB67-07E3AC186F65}.Release|Any CPU.ActiveCfg = Release|Any CPU
		{2DFA10A5-87CA-4AC9-BB67-07E3AC186F65}.Release|Any CPU.Build.0 = Release|Any CPU
		{42975F94-FC97-4A1B-8B98-8CE79CA141A0}.Debug|Any CPU.ActiveCfg = Debug|Any CPU
		{42975F94-FC97-4A1B-8B98-8CE79CA141A0}.Debug|Any CPU.Build.0 = Debug|Any CPU
		{42975F94-FC97-4A1B-8B98-8CE79CA141A0}.Release|Any CPU.ActiveCfg = Release|Any CPU
		{42975F94-FC97-4A1B-8B98-8CE79CA141A0}.Release|Any CPU.Build.0 = Release|Any CPU
		{8A34A6F1-74CC-43E4-AF14-FBC9742B91D4}.Debug|Any CPU.ActiveCfg = Debug|Any CPU
		{8A34A6F1-74CC-43E4-AF14-FBC9742B91D4}.Debug|Any CPU.Build.0 = Debug|Any CPU
		{8A34A6F1-74CC-43E4-AF14-FBC9742B91D4}.Release|Any CPU.ActiveCfg = Release|Any CPU
		{8A34A6F1-74CC-43E4-AF14-FBC9742B91D4}.Release|Any CPU.Build.0 = Release|Any CPU
		{2BED3AA1-D149-4F8D-B13A-345B654B7EEE}.Debug|Any CPU.ActiveCfg = Debug|Any CPU
		{2BED3AA1-D149-4F8D-B13A-345B654B7EEE}.Debug|Any CPU.Build.0 = Debug|Any CPU
		{2BED3AA1-D149-4F8D-B13A-345B654B7EEE}.Release|Any CPU.ActiveCfg = Release|Any CPU
		{2BED3AA1-D149-4F8D-B13A-345B654B7EEE}.Release|Any CPU.Build.0 = Release|Any CPU
		{ECC19BFD-7E36-4A04-8C3E-CFF3C9F0A1AB}.Debug|Any CPU.ActiveCfg = Debug|Any CPU
		{ECC19BFD-7E36-4A04-8C3E-CFF3C9F0A1AB}.Debug|Any CPU.Build.0 = Debug|Any CPU
		{ECC19BFD-7E36-4A04-8C3E-CFF3C9F0A1AB}.Release|Any CPU.ActiveCfg = Release|Any CPU
		{ECC19BFD-7E36-4A04-8C3E-CFF3C9F0A1AB}.Release|Any CPU.Build.0 = Release|Any CPU
		{44372A57-F999-4991-A35F-8B2D1933A66C}.Debug|Any CPU.ActiveCfg = Debug|Any CPU
		{44372A57-F999-4991-A35F-8B2D1933A66C}.Debug|Any CPU.Build.0 = Debug|Any CPU
		{44372A57-F999-4991-A35F-8B2D1933A66C}.Release|Any CPU.ActiveCfg = Release|Any CPU
		{44372A57-F999-4991-A35F-8B2D1933A66C}.Release|Any CPU.Build.0 = Release|Any CPU
		{6E55A7BC-A45E-469E-AFA3-7577A4D36FD6}.Debug|Any CPU.ActiveCfg = Debug|Any CPU
		{6E55A7BC-A45E-469E-AFA3-7577A4D36FD6}.Debug|Any CPU.Build.0 = Debug|Any CPU
		{6E55A7BC-A45E-469E-AFA3-7577A4D36FD6}.Release|Any CPU.ActiveCfg = Release|Any CPU
		{6E55A7BC-A45E-469E-AFA3-7577A4D36FD6}.Release|Any CPU.Build.0 = Release|Any CPU
		{231D9BC6-D028-4DC0-A30E-335F6CC7DB1F}.Debug|Any CPU.ActiveCfg = Debug|Any CPU
		{231D9BC6-D028-4DC0-A30E-335F6CC7DB1F}.Debug|Any CPU.Build.0 = Debug|Any CPU
		{231D9BC6-D028-4DC0-A30E-335F6CC7DB1F}.Release|Any CPU.ActiveCfg = Release|Any CPU
		{231D9BC6-D028-4DC0-A30E-335F6CC7DB1F}.Release|Any CPU.Build.0 = Release|Any CPU
		{FE44A65B-BB9A-43B9-A9C0-2C74D8AB682B}.Debug|Any CPU.ActiveCfg = Debug|Any CPU
		{FE44A65B-BB9A-43B9-A9C0-2C74D8AB682B}.Debug|Any CPU.Build.0 = Debug|Any CPU
		{FE44A65B-BB9A-43B9-A9C0-2C74D8AB682B}.Release|Any CPU.ActiveCfg = Release|Any CPU
		{FE44A65B-BB9A-43B9-A9C0-2C74D8AB682B}.Release|Any CPU.Build.0 = Release|Any CPU
		{9F2F12B9-934B-49B2-9A0A-FAAECB54D8A4}.Debug|Any CPU.ActiveCfg = Debug|Any CPU
		{9F2F12B9-934B-49B2-9A0A-FAAECB54D8A4}.Debug|Any CPU.Build.0 = Debug|Any CPU
		{9F2F12B9-934B-49B2-9A0A-FAAECB54D8A4}.Release|Any CPU.ActiveCfg = Release|Any CPU
		{9F2F12B9-934B-49B2-9A0A-FAAECB54D8A4}.Release|Any CPU.Build.0 = Release|Any CPU
		{3FA7F969-BA76-47DE-A94E-AEF8A1688C76}.Debug|Any CPU.ActiveCfg = Debug|Any CPU
		{3FA7F969-BA76-47DE-A94E-AEF8A1688C76}.Debug|Any CPU.Build.0 = Debug|Any CPU
		{3FA7F969-BA76-47DE-A94E-AEF8A1688C76}.Release|Any CPU.ActiveCfg = Release|Any CPU
		{3FA7F969-BA76-47DE-A94E-AEF8A1688C76}.Release|Any CPU.Build.0 = Release|Any CPU
		{EEAF6102-2C4F-4390-9210-5A92A25F31C8}.Debug|Any CPU.ActiveCfg = Debug|Any CPU
		{EEAF6102-2C4F-4390-9210-5A92A25F31C8}.Debug|Any CPU.Build.0 = Debug|Any CPU
		{EEAF6102-2C4F-4390-9210-5A92A25F31C8}.Release|Any CPU.ActiveCfg = Release|Any CPU
		{EEAF6102-2C4F-4390-9210-5A92A25F31C8}.Release|Any CPU.Build.0 = Release|Any CPU
		{AD523737-3915-4007-8703-B646FD8846EC}.Debug|Any CPU.ActiveCfg = Debug|Any CPU
		{AD523737-3915-4007-8703-B646FD8846EC}.Debug|Any CPU.Build.0 = Debug|Any CPU
		{AD523737-3915-4007-8703-B646FD8846EC}.Release|Any CPU.ActiveCfg = Release|Any CPU
		{AD523737-3915-4007-8703-B646FD8846EC}.Release|Any CPU.Build.0 = Release|Any CPU
		{3CF302EE-588B-4ED5-9320-0D437DB6843B}.Debug|Any CPU.ActiveCfg = Debug|Any CPU
		{3CF302EE-588B-4ED5-9320-0D437DB6843B}.Debug|Any CPU.Build.0 = Debug|Any CPU
		{3CF302EE-588B-4ED5-9320-0D437DB6843B}.Release|Any CPU.ActiveCfg = Release|Any CPU
		{3CF302EE-588B-4ED5-9320-0D437DB6843B}.Release|Any CPU.Build.0 = Release|Any CPU
		{C5FF3F31-7A0C-47D5-AFAF-7EF4929AE204}.Debug|Any CPU.ActiveCfg = Debug|Any CPU
		{C5FF3F31-7A0C-47D5-AFAF-7EF4929AE204}.Debug|Any CPU.Build.0 = Debug|Any CPU
		{C5FF3F31-7A0C-47D5-AFAF-7EF4929AE204}.Release|Any CPU.ActiveCfg = Release|Any CPU
		{C5FF3F31-7A0C-47D5-AFAF-7EF4929AE204}.Release|Any CPU.Build.0 = Release|Any CPU
		{A0F4BACF-A331-4810-9D9F-79FA727C9E75}.Debug|Any CPU.ActiveCfg = Debug|Any CPU
		{A0F4BACF-A331-4810-9D9F-79FA727C9E75}.Debug|Any CPU.Build.0 = Debug|Any CPU
		{A0F4BACF-A331-4810-9D9F-79FA727C9E75}.Release|Any CPU.ActiveCfg = Release|Any CPU
		{A0F4BACF-A331-4810-9D9F-79FA727C9E75}.Release|Any CPU.Build.0 = Release|Any CPU
		{6CEA2A08-2A77-44AC-9603-B8267B77BC9C}.Debug|Any CPU.ActiveCfg = Debug|Any CPU
		{6CEA2A08-2A77-44AC-9603-B8267B77BC9C}.Debug|Any CPU.Build.0 = Debug|Any CPU
		{6CEA2A08-2A77-44AC-9603-B8267B77BC9C}.Release|Any CPU.ActiveCfg = Release|Any CPU
		{6CEA2A08-2A77-44AC-9603-B8267B77BC9C}.Release|Any CPU.Build.0 = Release|Any CPU
		{CFD4D86C-AD15-4D8C-A020-D080A67F11F1}.Debug|Any CPU.ActiveCfg = Debug|Any CPU
		{CFD4D86C-AD15-4D8C-A020-D080A67F11F1}.Debug|Any CPU.Build.0 = Debug|Any CPU
		{CFD4D86C-AD15-4D8C-A020-D080A67F11F1}.Release|Any CPU.ActiveCfg = Release|Any CPU
		{CFD4D86C-AD15-4D8C-A020-D080A67F11F1}.Release|Any CPU.Build.0 = Release|Any CPU
		{278559FF-BA24-4960-952C-CAA8D04F2A2E}.Debug|Any CPU.ActiveCfg = Debug|Any CPU
		{278559FF-BA24-4960-952C-CAA8D04F2A2E}.Debug|Any CPU.Build.0 = Debug|Any CPU
		{278559FF-BA24-4960-952C-CAA8D04F2A2E}.Release|Any CPU.ActiveCfg = Release|Any CPU
		{278559FF-BA24-4960-952C-CAA8D04F2A2E}.Release|Any CPU.Build.0 = Release|Any CPU
		{19342C68-A13A-46B5-857F-EB48CD5DF646}.Debug|Any CPU.ActiveCfg = Debug|Any CPU
		{19342C68-A13A-46B5-857F-EB48CD5DF646}.Debug|Any CPU.Build.0 = Debug|Any CPU
		{19342C68-A13A-46B5-857F-EB48CD5DF646}.Release|Any CPU.ActiveCfg = Release|Any CPU
		{19342C68-A13A-46B5-857F-EB48CD5DF646}.Release|Any CPU.Build.0 = Release|Any CPU
		{E1C3CDD4-A7E5-48F2-9839-92CC68AAC5C8}.Debug|Any CPU.ActiveCfg = Debug|Any CPU
		{E1C3CDD4-A7E5-48F2-9839-92CC68AAC5C8}.Debug|Any CPU.Build.0 = Debug|Any CPU
		{E1C3CDD4-A7E5-48F2-9839-92CC68AAC5C8}.Release|Any CPU.ActiveCfg = Release|Any CPU
		{E1C3CDD4-A7E5-48F2-9839-92CC68AAC5C8}.Release|Any CPU.Build.0 = Release|Any CPU
		{2ADD6386-78B3-428E-BAD9-EFF3908403CF}.Debug|Any CPU.ActiveCfg = Debug|Any CPU
		{2ADD6386-78B3-428E-BAD9-EFF3908403CF}.Debug|Any CPU.Build.0 = Debug|Any CPU
		{2ADD6386-78B3-428E-BAD9-EFF3908403CF}.Release|Any CPU.ActiveCfg = Release|Any CPU
		{2ADD6386-78B3-428E-BAD9-EFF3908403CF}.Release|Any CPU.Build.0 = Release|Any CPU
		{0D13D7DF-9A16-4FF8-A05A-923797D4E9A9}.Debug|Any CPU.ActiveCfg = Debug|Any CPU
		{0D13D7DF-9A16-4FF8-A05A-923797D4E9A9}.Debug|Any CPU.Build.0 = Debug|Any CPU
		{0D13D7DF-9A16-4FF8-A05A-923797D4E9A9}.Release|Any CPU.ActiveCfg = Release|Any CPU
		{0D13D7DF-9A16-4FF8-A05A-923797D4E9A9}.Release|Any CPU.Build.0 = Release|Any CPU
		{1AED6CD3-6E5D-4E9A-9934-3D89A0F7EF40}.Debug|Any CPU.ActiveCfg = Debug|Any CPU
		{1AED6CD3-6E5D-4E9A-9934-3D89A0F7EF40}.Debug|Any CPU.Build.0 = Debug|Any CPU
		{1AED6CD3-6E5D-4E9A-9934-3D89A0F7EF40}.Release|Any CPU.ActiveCfg = Release|Any CPU
		{1AED6CD3-6E5D-4E9A-9934-3D89A0F7EF40}.Release|Any CPU.Build.0 = Release|Any CPU
		{BABABB81-6742-4742-8744-FB8FEBD4262C}.Debug|Any CPU.ActiveCfg = Debug|Any CPU
		{BABABB81-6742-4742-8744-FB8FEBD4262C}.Debug|Any CPU.Build.0 = Debug|Any CPU
		{BABABB81-6742-4742-8744-FB8FEBD4262C}.Release|Any CPU.ActiveCfg = Release|Any CPU
		{BABABB81-6742-4742-8744-FB8FEBD4262C}.Release|Any CPU.Build.0 = Release|Any CPU
		{F55EE88D-49FF-4AC6-B0AA-07F0BA667B99}.Debug|Any CPU.ActiveCfg = Debug|Any CPU
		{F55EE88D-49FF-4AC6-B0AA-07F0BA667B99}.Debug|Any CPU.Build.0 = Debug|Any CPU
		{F55EE88D-49FF-4AC6-B0AA-07F0BA667B99}.Release|Any CPU.ActiveCfg = Release|Any CPU
		{F55EE88D-49FF-4AC6-B0AA-07F0BA667B99}.Release|Any CPU.Build.0 = Release|Any CPU
		{58AC6291-1FF7-4BA7-88F1-3EBD9E1CE896}.Debug|Any CPU.ActiveCfg = Debug|Any CPU
		{58AC6291-1FF7-4BA7-88F1-3EBD9E1CE896}.Debug|Any CPU.Build.0 = Debug|Any CPU
		{58AC6291-1FF7-4BA7-88F1-3EBD9E1CE896}.Release|Any CPU.ActiveCfg = Release|Any CPU
		{58AC6291-1FF7-4BA7-88F1-3EBD9E1CE896}.Release|Any CPU.Build.0 = Release|Any CPU
		{9AC1D401-9637-4774-87E4-05EF221923BB}.Debug|Any CPU.ActiveCfg = Debug|Any CPU
		{9AC1D401-9637-4774-87E4-05EF221923BB}.Debug|Any CPU.Build.0 = Debug|Any CPU
		{9AC1D401-9637-4774-87E4-05EF221923BB}.Release|Any CPU.ActiveCfg = Release|Any CPU
		{9AC1D401-9637-4774-87E4-05EF221923BB}.Release|Any CPU.Build.0 = Release|Any CPU
		{EBD18803-AB89-44EC-A092-4154CAD592E8}.Debug|Any CPU.ActiveCfg = Debug|Any CPU
		{EBD18803-AB89-44EC-A092-4154CAD592E8}.Debug|Any CPU.Build.0 = Debug|Any CPU
		{EBD18803-AB89-44EC-A092-4154CAD592E8}.Release|Any CPU.ActiveCfg = Release|Any CPU
		{EBD18803-AB89-44EC-A092-4154CAD592E8}.Release|Any CPU.Build.0 = Release|Any CPU
		{C17B899B-56D1-4762-9673-168DD143FE80}.Debug|Any CPU.ActiveCfg = Debug|Any CPU
		{C17B899B-56D1-4762-9673-168DD143FE80}.Debug|Any CPU.Build.0 = Debug|Any CPU
		{C17B899B-56D1-4762-9673-168DD143FE80}.Release|Any CPU.ActiveCfg = Release|Any CPU
		{C17B899B-56D1-4762-9673-168DD143FE80}.Release|Any CPU.Build.0 = Release|Any CPU
		{51E32C9B-9A71-470F-90A3-51490A000A4B}.Debug|Any CPU.ActiveCfg = Debug|Any CPU
		{51E32C9B-9A71-470F-90A3-51490A000A4B}.Debug|Any CPU.Build.0 = Debug|Any CPU
		{51E32C9B-9A71-470F-90A3-51490A000A4B}.Release|Any CPU.ActiveCfg = Release|Any CPU
		{51E32C9B-9A71-470F-90A3-51490A000A4B}.Release|Any CPU.Build.0 = Release|Any CPU
		{43DE17E0-D1A6-4595-9020-1F98DB440B3A}.Debug|Any CPU.ActiveCfg = Debug|Any CPU
		{43DE17E0-D1A6-4595-9020-1F98DB440B3A}.Debug|Any CPU.Build.0 = Debug|Any CPU
		{43DE17E0-D1A6-4595-9020-1F98DB440B3A}.Release|Any CPU.ActiveCfg = Release|Any CPU
		{43DE17E0-D1A6-4595-9020-1F98DB440B3A}.Release|Any CPU.Build.0 = Release|Any CPU
		{47684EAA-80D3-4CB1-B110-2DE2F1B8036E}.Debug|Any CPU.ActiveCfg = Debug|Any CPU
		{47684EAA-80D3-4CB1-B110-2DE2F1B8036E}.Debug|Any CPU.Build.0 = Debug|Any CPU
		{47684EAA-80D3-4CB1-B110-2DE2F1B8036E}.Release|Any CPU.ActiveCfg = Release|Any CPU
		{47684EAA-80D3-4CB1-B110-2DE2F1B8036E}.Release|Any CPU.Build.0 = Release|Any CPU
	EndGlobalSection
	GlobalSection(SolutionProperties) = preSolution
		HideSolutionNode = FALSE
	EndGlobalSection
	GlobalSection(NestedProjects) = preSolution
		{E9376157-31F1-4C37-8D19-6841506FBBC5} = {AF77AF8F-E0C3-4D05-9D49-6989F522C59E}
		{E667C85C-80E1-4045-88A8-3BC69F2253AE} = {AF77AF8F-E0C3-4D05-9D49-6989F522C59E}
		{835597DE-A82C-42FA-93DC-09CAC36D7D4B} = {E9376157-31F1-4C37-8D19-6841506FBBC5}
		{A6099394-2440-4B3C-83E2-4D95E3C3652A} = {E9376157-31F1-4C37-8D19-6841506FBBC5}
		{AE496456-9B24-4591-8F24-92C5868455F7} = {E9376157-31F1-4C37-8D19-6841506FBBC5}
		{9F8DDB69-D2B0-490D-B65C-2F72AD0A8E72} = {A6099394-2440-4B3C-83E2-4D95E3C3652A}
		{0F13B42D-5483-4210-88D6-929B01712F96} = {E667C85C-80E1-4045-88A8-3BC69F2253AE}
		{9F319B3B-7D27-4F9A-B2A6-77B1C64053D3} = {A6099394-2440-4B3C-83E2-4D95E3C3652A}
		{EDF83FA4-2AD9-4075-9025-BD26696DFED3} = {A6099394-2440-4B3C-83E2-4D95E3C3652A}
		{B00EF95A-845C-4797-8434-5ACA8FE3812D} = {A6099394-2440-4B3C-83E2-4D95E3C3652A}
		{2EF24FB8-0673-426E-BC08-05CDDB9E77E4} = {A6099394-2440-4B3C-83E2-4D95E3C3652A}
		{04E9463B-B9C8-46F2-A3C9-764E576BEDF6} = {7107956E-BC05-4060-8D9C-563805110605}
		{3CB0DCEA-39E0-45CA-AE63-B156ABF14173} = {E667C85C-80E1-4045-88A8-3BC69F2253AE}
		{1AE892A5-F10E-49BE-9160-809BA2BC1DE7} = {835597DE-A82C-42FA-93DC-09CAC36D7D4B}
		{ABE9A0E7-0AA4-4B53-8B55-90635A80EBE6} = {AE496456-9B24-4591-8F24-92C5868455F7}
		{B877C33D-16C3-4758-9D37-5875671091CD} = {835597DE-A82C-42FA-93DC-09CAC36D7D4B}
		{ACDA15E2-E062-4EF3-B006-68F0B13FBD3D} = {E9376157-31F1-4C37-8D19-6841506FBBC5}
		{BE82F71D-DA9C-46FC-A017-01F36EEF8AA4} = {E9376157-31F1-4C37-8D19-6841506FBBC5}
		{5D608908-B571-45E0-8151-D5C125D51502} = {ACDA15E2-E062-4EF3-B006-68F0B13FBD3D}
		{67054396-7FC9-4BBF-BCA1-4574BAD83492} = {BE82F71D-DA9C-46FC-A017-01F36EEF8AA4}
		{4D80DBFF-6518-4F98-9CFA-93DE2FDD78AA} = {835597DE-A82C-42FA-93DC-09CAC36D7D4B}
		{5AB36143-A0FF-4821-8110-5DE09809C365} = {7107956E-BC05-4060-8D9C-563805110605}
		{E97936E3-4A9E-4681-AAE3-64B78EFAC525} = {5AB36143-A0FF-4821-8110-5DE09809C365}
		{C3674191-4AE0-4481-AA61-5BEF1D8D7787} = {835597DE-A82C-42FA-93DC-09CAC36D7D4B}
		{FE55EE22-4121-4575-AB3C-70E454F24B44} = {7107956E-BC05-4060-8D9C-563805110605}
		{A608AC45-4BBD-4B1E-8F29-C49CBD892094} = {ACDA15E2-E062-4EF3-B006-68F0B13FBD3D}
		{B3857DA6-52B2-48C2-B1CC-D600D900BB58} = {ACDA15E2-E062-4EF3-B006-68F0B13FBD3D}
		{B68877CC-1044-40AC-A69A-E40020E6E080} = {FE55EE22-4121-4575-AB3C-70E454F24B44}
		{C7D8AABD-7ABC-4760-B04F-80001ADB8D70} = {ACDA15E2-E062-4EF3-B006-68F0B13FBD3D}
		{2DFA10A5-87CA-4AC9-BB67-07E3AC186F65} = {BE82F71D-DA9C-46FC-A017-01F36EEF8AA4}
		{1A61AA0D-ECDB-4D54-B10B-C60EB411886D} = {7107956E-BC05-4060-8D9C-563805110605}
		{42975F94-FC97-4A1B-8B98-8CE79CA141A0} = {1A61AA0D-ECDB-4D54-B10B-C60EB411886D}
		{8A34A6F1-74CC-43E4-AF14-FBC9742B91D4} = {BE82F71D-DA9C-46FC-A017-01F36EEF8AA4}
		{2BED3AA1-D149-4F8D-B13A-345B654B7EEE} = {BE82F71D-DA9C-46FC-A017-01F36EEF8AA4}
		{A3C8A58C-1E7B-478D-9104-85613A663C75} = {BE82F71D-DA9C-46FC-A017-01F36EEF8AA4}
		{ECC19BFD-7E36-4A04-8C3E-CFF3C9F0A1AB} = {A3C8A58C-1E7B-478D-9104-85613A663C75}
		{44372A57-F999-4991-A35F-8B2D1933A66C} = {9A07EB2A-2770-43FF-99CD-672230FDC81E}
		{9A07EB2A-2770-43FF-99CD-672230FDC81E} = {7107956E-BC05-4060-8D9C-563805110605}
		{B123002B-B59F-4949-9BD4-6647DF5CB284} = {E9376157-31F1-4C37-8D19-6841506FBBC5}
		{6E55A7BC-A45E-469E-AFA3-7577A4D36FD6} = {B123002B-B59F-4949-9BD4-6647DF5CB284}
		{231D9BC6-D028-4DC0-A30E-335F6CC7DB1F} = {B123002B-B59F-4949-9BD4-6647DF5CB284}
		{FE44A65B-BB9A-43B9-A9C0-2C74D8AB682B} = {B123002B-B59F-4949-9BD4-6647DF5CB284}
		{BAFCA1F4-B57F-4D90-A82C-6D20724EA5DC} = {7107956E-BC05-4060-8D9C-563805110605}
		{9F2F12B9-934B-49B2-9A0A-FAAECB54D8A4} = {BAFCA1F4-B57F-4D90-A82C-6D20724EA5DC}
		{D31AA3F7-51D5-4409-8041-838571C621A0} = {B123002B-B59F-4949-9BD4-6647DF5CB284}
		{3FA7F969-BA76-47DE-A94E-AEF8A1688C76} = {D31AA3F7-51D5-4409-8041-838571C621A0}
		{EEAF6102-2C4F-4390-9210-5A92A25F31C8} = {B123002B-B59F-4949-9BD4-6647DF5CB284}
		{AD523737-3915-4007-8703-B646FD8846EC} = {B123002B-B59F-4949-9BD4-6647DF5CB284}
		{3CF302EE-588B-4ED5-9320-0D437DB6843B} = {B123002B-B59F-4949-9BD4-6647DF5CB284}
		{C5FF3F31-7A0C-47D5-AFAF-7EF4929AE204} = {E667C85C-80E1-4045-88A8-3BC69F2253AE}
		{A0F4BACF-A331-4810-9D9F-79FA727C9E75} = {ACDA15E2-E062-4EF3-B006-68F0B13FBD3D}
		{6CEA2A08-2A77-44AC-9603-B8267B77BC9C} = {ACDA15E2-E062-4EF3-B006-68F0B13FBD3D}
		{CFD4D86C-AD15-4D8C-A020-D080A67F11F1} = {B123002B-B59F-4949-9BD4-6647DF5CB284}
		{BD70AA12-DA39-4282-A2B0-5D2BA8381915} = {AF77AF8F-E0C3-4D05-9D49-6989F522C59E}
		{278559FF-BA24-4960-952C-CAA8D04F2A2E} = {BD70AA12-DA39-4282-A2B0-5D2BA8381915}
		{19342C68-A13A-46B5-857F-EB48CD5DF646} = {E667C85C-80E1-4045-88A8-3BC69F2253AE}
		{74C4E224-AF8E-4092-AE29-74429B032F88} = {AF77AF8F-E0C3-4D05-9D49-6989F522C59E}
		{E1C3CDD4-A7E5-48F2-9839-92CC68AAC5C8} = {74C4E224-AF8E-4092-AE29-74429B032F88}
		{21827ADD-5DB2-467B-B2E3-A206CB003FA2} = {E9376157-31F1-4C37-8D19-6841506FBBC5}
		{2ADD6386-78B3-428E-BAD9-EFF3908403CF} = {21827ADD-5DB2-467B-B2E3-A206CB003FA2}
		{78B1A32D-454C-417E-B843-84C1EBABAFFB} = {21827ADD-5DB2-467B-B2E3-A206CB003FA2}
		{0D13D7DF-9A16-4FF8-A05A-923797D4E9A9} = {78B1A32D-454C-417E-B843-84C1EBABAFFB}
		{53F22E17-C08D-4A42-9996-A2549237A1B4} = {7107956E-BC05-4060-8D9C-563805110605}
		{33798677-D8A3-4294-A28A-C9C6DFE09D45} = {53F22E17-C08D-4A42-9996-A2549237A1B4}
		{1AED6CD3-6E5D-4E9A-9934-3D89A0F7EF40} = {2FB29A7D-6164-41A0-B908-307A7035265A}
		{BABABB81-6742-4742-8744-FB8FEBD4262C} = {78B1A32D-454C-417E-B843-84C1EBABAFFB}
		{33E12BB6-BDE8-4E84-8226-D19679ECCA45} = {21827ADD-5DB2-467B-B2E3-A206CB003FA2}
		{F55EE88D-49FF-4AC6-B0AA-07F0BA667B99} = {33E12BB6-BDE8-4E84-8226-D19679ECCA45}
		{58AC6291-1FF7-4BA7-88F1-3EBD9E1CE896} = {33E12BB6-BDE8-4E84-8226-D19679ECCA45}
		{2FB29A7D-6164-41A0-B908-307A7035265A} = {33798677-D8A3-4294-A28A-C9C6DFE09D45}
		{AC79C94B-3DBE-4AF9-A22A-0EE770582052} = {33798677-D8A3-4294-A28A-C9C6DFE09D45}
		{9AC1D401-9637-4774-87E4-05EF221923BB} = {AC79C94B-3DBE-4AF9-A22A-0EE770582052}
		{EBD18803-AB89-44EC-A092-4154CAD592E8} = {BE82F71D-DA9C-46FC-A017-01F36EEF8AA4}
		{7C2C78B5-11EA-44D9-AE23-C925B2D27C3C} = {AF77AF8F-E0C3-4D05-9D49-6989F522C59E}
		{C17B899B-56D1-4762-9673-168DD143FE80} = {7C2C78B5-11EA-44D9-AE23-C925B2D27C3C}
		{58E8DC27-5B85-4415-B197-3EEE830AEB8D} = {E9376157-31F1-4C37-8D19-6841506FBBC5}
		{51E32C9B-9A71-470F-90A3-51490A000A4B} = {58E8DC27-5B85-4415-B197-3EEE830AEB8D}
		{180F0EAF-5EB7-4716-A3FF-0493B4500123} = {7107956E-BC05-4060-8D9C-563805110605}
		{43DE17E0-D1A6-4595-9020-1F98DB440B3A} = {180F0EAF-5EB7-4716-A3FF-0493B4500123}
		{47684EAA-80D3-4CB1-B110-2DE2F1B8036E} = {58E8DC27-5B85-4415-B197-3EEE830AEB8D}
	EndGlobalSection
	GlobalSection(ExtensibilityGlobals) = postSolution
		SolutionGuid = {63B56346-08C2-4513-98F6-0FE8682E53C7}
	EndGlobalSection
EndGlobal
